{
  "name": "@drozdik.m/error-pages",
  "version": "1.0.0",
  "lockfileVersion": 1,
  "requires": true,
  "dependencies": {
    "@drozdik.m/common-button": {
      "version": "1.0.3",
      "resolved": "https://pkgs.dev.azure.com/martin-drozdik/_packaging/TheAlphaLibrary/npm/registry/@drozdik.m/common-button/-/common-button-1.0.3.tgz",
      "integrity": "sha1-u8tPpLW8cd1ZRmW2n1praXQSX9E=",
      "requires": {
        "@drozdik.m/common-mixins": "^1.0.4",
        "@drozdik.m/px-in-rem": "^1.0.0"
      }
    },
    "@drozdik.m/common-mixins": {
      "version": "1.0.5",
      "resolved": "https://pkgs.dev.azure.com/martin-drozdik/_packaging/TheAlphaLibrary/npm/registry/@drozdik.m/common-mixins/-/common-mixins-1.0.5.tgz",
      "integrity": "sha1-heEb1TsNTbbZa4M5aMbJxaYHpGE="
    },
    "@drozdik.m/px-in-rem": {
      "version": "1.0.1",
      "resolved": "https://opticallo.pkgs.visualstudio.com/_packaging/TheAlphaLibrary/npm/registry/@drozdik.m/px-in-rem/-/px-in-rem-1.0.1.tgz",
      "integrity": "sha1-fGHmzBYUBUks4KFETwP3FxrOGoM="
    }
  }
}
