
Microsoft Visual Studio Solution File, Format Version 12.00
# Visual Studio Version 16
VisualStudioVersion = 16.0.29728.190
MinimumVisualStudioVersion = 10.0.40219.1
Project("{2150E333-8FDC-42A3-9474-1A3956D46DE8}") = "DasContract", "DasContract", "{83EEBE1F-14F2-4846-A208-0BF99E337DF1}"
EndProject
Project("{2150E333-8FDC-42A3-9474-1A3956D46DE8}") = "Abstraction", "Abstraction", "{00404F8B-1951-49E5-B142-F2A0E5ABE022}"
EndProject
Project("{2150E333-8FDC-42A3-9474-1A3956D46DE8}") = "Blockchain", "Blockchain", "{038E1994-9F85-4EBB-8134-097176576D0E}"
EndProject
Project("{9A19103F-16F7-4668-BE54-9A1E7A4F7556}") = "DasContract.Abstraction", "DasContract\Abstraction\DasContract.Abstraction.csproj", "{8319C3A3-0AE9-48F2-8A4D-46700DFE6CEB}"
EndProject
Project("{9A19103F-16F7-4668-BE54-9A1E7A4F7556}") = "DasContract.Abstraction.Interface", "DasContract\Abstraction.Interface\DasContract.Abstraction.Interface.csproj", "{458DD255-7363-4E82-A74A-6122DDC4D8E6}"
EndProject
Project("{9A19103F-16F7-4668-BE54-9A1E7A4F7556}") = "DasContract.Blockchain.Solidity", "DasContract\Blockchain\Solidity\DasContract.Blockchain.Solidity.csproj", "{E93F750A-BBEE-4B87-AFB4-131895BFA55D}"
EndProject
Project("{2150E333-8FDC-42A3-9474-1A3956D46DE8}") = "Solidity", "Solidity", "{9C9837E0-CDB7-4067-ADFF-6102EB5F562A}"
EndProject
Project("{2150E333-8FDC-42A3-9474-1A3956D46DE8}") = "Tests", "Tests", "{9EBD0287-659E-4EDC-934D-BEA582657888}"
EndProject
Project("{2150E333-8FDC-42A3-9474-1A3956D46DE8}") = "Blockchain", "Blockchain", "{FE7FD969-D2F4-4DE7-A0FD-BEA047571FB1}"
EndProject
Project("{2150E333-8FDC-42A3-9474-1A3956D46DE8}") = "Solidity", "Solidity", "{D28B6C70-2EEF-489B-BF82-CE1BE7EC9BAB}"
EndProject
Project("{9A19103F-16F7-4668-BE54-9A1E7A4F7556}") = "DasContract.Tests.Blockchain.Solidity", "DasContract\Tests\Blockchain\Solidity\DasContract.Tests.Blockchain.Solidity.csproj", "{B8E38CD1-FC43-4F6A-9BE0-FE4A607D4013}"
EndProject
Project("{2150E333-8FDC-42A3-9474-1A3956D46DE8}") = "Migrator", "Migrator", "{67187C07-4380-42E9-8921-00092E1E93E3}"
EndProject
Project("{9A19103F-16F7-4668-BE54-9A1E7A4F7556}") = "DasContract.Migrator", "DasContract\Migrator\DasContract.Migrator.csproj", "{B307E875-1E01-49F0-993B-60BC5A839A7B}"
EndProject
Project("{9A19103F-16F7-4668-BE54-9A1E7A4F7556}") = "DasContract.Migrator.Interface", "DasContract\Migrator.Interface\DasContract.Migrator.Interface.csproj", "{35492B3B-0DFC-4DA1-83D5-F29EAB4184AF}"
EndProject
Project("{2150E333-8FDC-42A3-9474-1A3956D46DE8}") = "Migrator", "Migrator", "{26D568A8-948B-4B9E-9D18-42028FE51406}"
EndProject
Project("{9A19103F-16F7-4668-BE54-9A1E7A4F7556}") = "DasContract.Tests.Migrator", "DasContract\Tests\Migrator\Migrator\DasContract.Tests.Migrator.csproj", "{311F5CE2-E11E-493E-A68D-E04236C37A5F}"
EndProject
Project("{2150E333-8FDC-42A3-9474-1A3956D46DE8}") = "Bonsai", "Bonsai", "{3EF9493E-8C3C-402A-ABC4-D08A6C7E8489}"
EndProject
Project("{2150E333-8FDC-42A3-9474-1A3956D46DE8}") = "Tests", "Tests", "{2AF40A17-9283-4024-83F4-B943561BC79C}"
EndProject
Project("{2150E333-8FDC-42A3-9474-1A3956D46DE8}") = "Utils", "Utils", "{9045975F-B12A-4891-A6A3-6A57FC5BEF97}"
EndProject
Project("{9A19103F-16F7-4668-BE54-9A1E7A4F7556}") = "Bonsai.Tests.Utils.Property", "Bonsai\Tests\Utils\Property\Bonsai.Tests.Utils.Property.csproj", "{B4B17B72-9A59-4546-91D7-FF1B51A4293E}"
EndProject
Project("{2150E333-8FDC-42A3-9474-1A3956D46DE8}") = "Utils", "Utils", "{FAE74A5B-C9F6-499C-9D2F-350278AFCCCA}"
EndProject
Project("{9A19103F-16F7-4668-BE54-9A1E7A4F7556}") = "Bonsai.Utils.Property", "Bonsai\Utils\Property\Bonsai.Utils.Property.csproj", "{13237D95-AC3D-4625-8B3E-046E1FAC8172}"
EndProject
Project("{2150E333-8FDC-42A3-9474-1A3956D46DE8}") = "Abstraction", "Abstraction", "{8321406F-A564-4E8E-A5ED-59C8AAF90256}"
EndProject
Project("{9A19103F-16F7-4668-BE54-9A1E7A4F7556}") = "DasContract.Tests.Abstraction", "DasContract\Tests\Abstraction\DasContract.Tests.Abstraction.csproj", "{626F01D1-E9AA-40DC-8A54-6F11FEE80BA6}"
EndProject
Global
	GlobalSection(SolutionConfigurationPlatforms) = preSolution
		Debug|Any CPU = Debug|Any CPU
		Release|Any CPU = Release|Any CPU
	EndGlobalSection
	GlobalSection(ProjectConfigurationPlatforms) = postSolution
		{8319C3A3-0AE9-48F2-8A4D-46700DFE6CEB}.Debug|Any CPU.ActiveCfg = Debug|Any CPU
		{8319C3A3-0AE9-48F2-8A4D-46700DFE6CEB}.Debug|Any CPU.Build.0 = Debug|Any CPU
		{8319C3A3-0AE9-48F2-8A4D-46700DFE6CEB}.Release|Any CPU.ActiveCfg = Release|Any CPU
		{8319C3A3-0AE9-48F2-8A4D-46700DFE6CEB}.Release|Any CPU.Build.0 = Release|Any CPU
		{458DD255-7363-4E82-A74A-6122DDC4D8E6}.Debug|Any CPU.ActiveCfg = Debug|Any CPU
		{458DD255-7363-4E82-A74A-6122DDC4D8E6}.Debug|Any CPU.Build.0 = Debug|Any CPU
		{458DD255-7363-4E82-A74A-6122DDC4D8E6}.Release|Any CPU.ActiveCfg = Release|Any CPU
		{458DD255-7363-4E82-A74A-6122DDC4D8E6}.Release|Any CPU.Build.0 = Release|Any CPU
		{E93F750A-BBEE-4B87-AFB4-131895BFA55D}.Debug|Any CPU.ActiveCfg = Debug|Any CPU
		{E93F750A-BBEE-4B87-AFB4-131895BFA55D}.Debug|Any CPU.Build.0 = Debug|Any CPU
		{E93F750A-BBEE-4B87-AFB4-131895BFA55D}.Release|Any CPU.ActiveCfg = Release|Any CPU
		{E93F750A-BBEE-4B87-AFB4-131895BFA55D}.Release|Any CPU.Build.0 = Release|Any CPU
		{B8E38CD1-FC43-4F6A-9BE0-FE4A607D4013}.Debug|Any CPU.ActiveCfg = Debug|Any CPU
		{B8E38CD1-FC43-4F6A-9BE0-FE4A607D4013}.Debug|Any CPU.Build.0 = Debug|Any CPU
		{B8E38CD1-FC43-4F6A-9BE0-FE4A607D4013}.Release|Any CPU.ActiveCfg = Release|Any CPU
		{B8E38CD1-FC43-4F6A-9BE0-FE4A607D4013}.Release|Any CPU.Build.0 = Release|Any CPU
		{B307E875-1E01-49F0-993B-60BC5A839A7B}.Debug|Any CPU.ActiveCfg = Debug|Any CPU
		{B307E875-1E01-49F0-993B-60BC5A839A7B}.Debug|Any CPU.Build.0 = Debug|Any CPU
		{B307E875-1E01-49F0-993B-60BC5A839A7B}.Release|Any CPU.ActiveCfg = Release|Any CPU
		{B307E875-1E01-49F0-993B-60BC5A839A7B}.Release|Any CPU.Build.0 = Release|Any CPU
		{35492B3B-0DFC-4DA1-83D5-F29EAB4184AF}.Debug|Any CPU.ActiveCfg = Debug|Any CPU
		{35492B3B-0DFC-4DA1-83D5-F29EAB4184AF}.Debug|Any CPU.Build.0 = Debug|Any CPU
		{35492B3B-0DFC-4DA1-83D5-F29EAB4184AF}.Release|Any CPU.ActiveCfg = Release|Any CPU
		{35492B3B-0DFC-4DA1-83D5-F29EAB4184AF}.Release|Any CPU.Build.0 = Release|Any CPU
		{311F5CE2-E11E-493E-A68D-E04236C37A5F}.Debug|Any CPU.ActiveCfg = Debug|Any CPU
		{311F5CE2-E11E-493E-A68D-E04236C37A5F}.Debug|Any CPU.Build.0 = Debug|Any CPU
		{311F5CE2-E11E-493E-A68D-E04236C37A5F}.Release|Any CPU.ActiveCfg = Release|Any CPU
		{311F5CE2-E11E-493E-A68D-E04236C37A5F}.Release|Any CPU.Build.0 = Release|Any CPU
		{B4B17B72-9A59-4546-91D7-FF1B51A4293E}.Debug|Any CPU.ActiveCfg = Debug|Any CPU
		{B4B17B72-9A59-4546-91D7-FF1B51A4293E}.Debug|Any CPU.Build.0 = Debug|Any CPU
		{B4B17B72-9A59-4546-91D7-FF1B51A4293E}.Release|Any CPU.ActiveCfg = Release|Any CPU
		{B4B17B72-9A59-4546-91D7-FF1B51A4293E}.Release|Any CPU.Build.0 = Release|Any CPU
		{13237D95-AC3D-4625-8B3E-046E1FAC8172}.Debug|Any CPU.ActiveCfg = Debug|Any CPU
		{13237D95-AC3D-4625-8B3E-046E1FAC8172}.Debug|Any CPU.Build.0 = Debug|Any CPU
		{13237D95-AC3D-4625-8B3E-046E1FAC8172}.Release|Any CPU.ActiveCfg = Release|Any CPU
		{13237D95-AC3D-4625-8B3E-046E1FAC8172}.Release|Any CPU.Build.0 = Release|Any CPU
		{626F01D1-E9AA-40DC-8A54-6F11FEE80BA6}.Debug|Any CPU.ActiveCfg = Debug|Any CPU
		{626F01D1-E9AA-40DC-8A54-6F11FEE80BA6}.Debug|Any CPU.Build.0 = Debug|Any CPU
		{626F01D1-E9AA-40DC-8A54-6F11FEE80BA6}.Release|Any CPU.ActiveCfg = Release|Any CPU
		{626F01D1-E9AA-40DC-8A54-6F11FEE80BA6}.Release|Any CPU.Build.0 = Release|Any CPU
	EndGlobalSection
	GlobalSection(SolutionProperties) = preSolution
		HideSolutionNode = FALSE
	EndGlobalSection
	GlobalSection(NestedProjects) = preSolution
		{00404F8B-1951-49E5-B142-F2A0E5ABE022} = {83EEBE1F-14F2-4846-A208-0BF99E337DF1}
		{038E1994-9F85-4EBB-8134-097176576D0E} = {83EEBE1F-14F2-4846-A208-0BF99E337DF1}
		{8319C3A3-0AE9-48F2-8A4D-46700DFE6CEB} = {00404F8B-1951-49E5-B142-F2A0E5ABE022}
		{458DD255-7363-4E82-A74A-6122DDC4D8E6} = {00404F8B-1951-49E5-B142-F2A0E5ABE022}
		{E93F750A-BBEE-4B87-AFB4-131895BFA55D} = {9C9837E0-CDB7-4067-ADFF-6102EB5F562A}
		{9C9837E0-CDB7-4067-ADFF-6102EB5F562A} = {038E1994-9F85-4EBB-8134-097176576D0E}
		{9EBD0287-659E-4EDC-934D-BEA582657888} = {83EEBE1F-14F2-4846-A208-0BF99E337DF1}
		{FE7FD969-D2F4-4DE7-A0FD-BEA047571FB1} = {9EBD0287-659E-4EDC-934D-BEA582657888}
		{D28B6C70-2EEF-489B-BF82-CE1BE7EC9BAB} = {FE7FD969-D2F4-4DE7-A0FD-BEA047571FB1}
		{B8E38CD1-FC43-4F6A-9BE0-FE4A607D4013} = {D28B6C70-2EEF-489B-BF82-CE1BE7EC9BAB}
		{67187C07-4380-42E9-8921-00092E1E93E3} = {83EEBE1F-14F2-4846-A208-0BF99E337DF1}
		{B307E875-1E01-49F0-993B-60BC5A839A7B} = {67187C07-4380-42E9-8921-00092E1E93E3}
		{35492B3B-0DFC-4DA1-83D5-F29EAB4184AF} = {67187C07-4380-42E9-8921-00092E1E93E3}
		{26D568A8-948B-4B9E-9D18-42028FE51406} = {9EBD0287-659E-4EDC-934D-BEA582657888}
		{311F5CE2-E11E-493E-A68D-E04236C37A5F} = {26D568A8-948B-4B9E-9D18-42028FE51406}
		{2AF40A17-9283-4024-83F4-B943561BC79C} = {3EF9493E-8C3C-402A-ABC4-D08A6C7E8489}
		{9045975F-B12A-4891-A6A3-6A57FC5BEF97} = {2AF40A17-9283-4024-83F4-B943561BC79C}
		{B4B17B72-9A59-4546-91D7-FF1B51A4293E} = {9045975F-B12A-4891-A6A3-6A57FC5BEF97}
		{FAE74A5B-C9F6-499C-9D2F-350278AFCCCA} = {3EF9493E-8C3C-402A-ABC4-D08A6C7E8489}
		{13237D95-AC3D-4625-8B3E-046E1FAC8172} = {FAE74A5B-C9F6-499C-9D2F-350278AFCCCA}
		{8321406F-A564-4E8E-A5ED-59C8AAF90256} = {9EBD0287-659E-4EDC-934D-BEA582657888}
		{626F01D1-E9AA-40DC-8A54-6F11FEE80BA6} = {8321406F-A564-4E8E-A5ED-59C8AAF90256}
	EndGlobalSection
	GlobalSection(ExtensibilityGlobals) = postSolution
		SolutionGuid = {4248E5E5-0FDD-48A5-B4F3-27705D155212}
	EndGlobalSection
EndGlobal
