
Microsoft Visual Studio Solution File, Format Version 12.00
# Visual Studio Version 16
VisualStudioVersion = 16.0.30320.27
MinimumVisualStudioVersion = 10.0.40219.1
Project("{9A19103F-16F7-4668-BE54-9A1E7A4F7556}") = "DasContract.Editor", "DasContract.Editor.csproj", "{353D535F-8A39-48C2-8873-4E18580EE17A}"
EndProject
Global
	GlobalSection(SolutionConfigurationPlatforms) = preSolution
		Debug|Any CPU = Debug|Any CPU
		Release|Any CPU = Release|Any CPU
	EndGlobalSection
	GlobalSection(ProjectConfigurationPlatforms) = postSolution
		{353D535F-8A39-48C2-8873-4E18580EE17A}.Debug|Any CPU.ActiveCfg = Debug|Any CPU
		{353D535F-8A39-48C2-8873-4E18580EE17A}.Debug|Any CPU.Build.0 = Debug|Any CPU
		{353D535F-8A39-48C2-8873-4E18580EE17A}.Release|Any CPU.ActiveCfg = Release|Any CPU
		{353D535F-8A39-48C2-8873-4E18580EE17A}.Release|Any CPU.Build.0 = Release|Any CPU
	EndGlobalSection
	GlobalSection(SolutionProperties) = preSolution
		HideSolutionNode = FALSE
	EndGlobalSection
	GlobalSection(ExtensibilityGlobals) = postSolution
		SolutionGuid = {F30B5551-3D12-4DF6-921D-5F8097EE1356}
	EndGlobalSection
EndGlobal
