
Microsoft Visual Studio Solution File, Format Version 12.00
# Visual Studio Version 16
VisualStudioVersion = 16.0.29806.167
MinimumVisualStudioVersion = 10.0.40219.1
Project("{9A19103F-16F7-4668-BE54-9A1E7A4F7556}") = "DasContract.Editor.Entities", "DasContract.Editor.Entities\DasContract.Editor.Entities.csproj", "{3364BF63-A56C-42BC-8FD6-F15FA8240B95}"
EndProject
Project("{2150E333-8FDC-42A3-9474-1A3956D46DE8}") = "DasContract.Editor", "DasContract.Editor", "{BB57D19E-E1D9-418D-86FB-A7083E2B9DFC}"
EndProject
Project("{2150E333-8FDC-42A3-9474-1A3956D46DE8}") = "Migrator", "Migrator", "{1899A025-285F-465E-8192-20F3532ED825}"
EndProject
Project("{9A19103F-16F7-4668-BE54-9A1E7A4F7556}") = "DasContract.Editor.Migrator.Interfaces", "DasContract.Editor.Migrator.Interface\DasContract.Editor.Migrator.Interfaces.csproj", "{34DE1F78-0031-41C9-9681-935A3F3539E8}"
EndProject
Project("{9A19103F-16F7-4668-BE54-9A1E7A4F7556}") = "DasContract.Editor.Migrator", "DasContract.Editor.Migrator\DasContract.Editor.Migrator.csproj", "{9936F2D7-3365-48A7-AA39-120A885A810F}"
EndProject
Project("{2150E333-8FDC-42A3-9474-1A3956D46DE8}") = "Bonsai", "Bonsai", "{460F9A6E-3C07-4B08-8CEA-E9C050A206F4}"
EndProject
Project("{2150E333-8FDC-42A3-9474-1A3956D46DE8}") = "Utils", "Utils", "{788EE1DB-B24A-49B2-B9B9-8F07DDA82CB0}"
EndProject
Project("{9A19103F-16F7-4668-BE54-9A1E7A4F7556}") = "Bonsai.Utils.Property", "Bonsai.Utils.Property\Bonsai.Utils.Property.csproj", "{CDDC7F12-FE9C-4785-96A5-8EFA053FEDD6}"
EndProject
Project("{2150E333-8FDC-42A3-9474-1A3956D46DE8}") = "Tests", "Tests", "{00EE6B60-4E1D-4985-A841-08577BC6F847}"
EndProject
Project("{2150E333-8FDC-42A3-9474-1A3956D46DE8}") = "Utils", "Utils", "{AF82FE4E-C676-4B74-B055-6E00E5488148}"
EndProject
Project("{9A19103F-16F7-4668-BE54-9A1E7A4F7556}") = "Bonsai.Tests.Utils.Property", "Bonsai.Tests.Utils.Property\Bonsai.Tests.Utils.Property.csproj", "{D05E16B4-939C-4E45-920F-F8450EAD1134}"
EndProject
Project("{2150E333-8FDC-42A3-9474-1A3956D46DE8}") = "Tests", "Tests", "{E74D3CA3-6B08-43DC-B9F4-57C3083957F8}"
	ProjectSection(SolutionItems) = preProject
		tmp.xml = tmp.xml
	EndProjectSection
EndProject
Project("{2150E333-8FDC-42A3-9474-1A3956D46DE8}") = "Migrator", "Migrator", "{C22987C4-3EB9-45CC-9C62-33B27EB26AF0}"
EndProject
Project("{9A19103F-16F7-4668-BE54-9A1E7A4F7556}") = "DasContract.Tests.Migrator", "DasContract.Editor.Test.Migrator\Migrator\DasContract.Tests.Migrator.csproj", "{3F8579E2-E3B9-47EE-B603-03A2A0B4E8BC}"
EndProject
Project("{9A19103F-16F7-4668-BE54-9A1E7A4F7556}") = "DasContract.Editor.Tests.Entities", "DasContract.Editor.Tests.Entities\DasContract.Editor.Tests.Entities.csproj", "{122D051F-E698-4869-AE27-1B026FAB0B5B}"
EndProject
Project("{FAE04EC0-301F-11D3-BF4B-00C04F79EFBC}") = "DasContract.Editor.Entities.Serialization.XML", "DasContract.Editor.Entities.Serialization.XML\DasContract.Editor.Entities.Serialization.XML.csproj", "{99F2FD66-B3B2-4C65-BB25-A9157A91E79B}"
EndProject
Project("{FAE04EC0-301F-11D3-BF4B-00C04F79EFBC}") = "DasContract.Editor.Tests.Entities.Serialization.XML", "DasContract.Editor.Tests.Entities.Serialization.XML\DasContract.Editor.Tests.Entities.Serialization.XML.csproj", "{BAF2B1BF-6F35-4696-91DE-1A1E54D16670}"
EndProject
Global
	GlobalSection(SolutionConfigurationPlatforms) = preSolution
		Debug|Any CPU = Debug|Any CPU
		Release|Any CPU = Release|Any CPU
	EndGlobalSection
	GlobalSection(ProjectConfigurationPlatforms) = postSolution
		{3364BF63-A56C-42BC-8FD6-F15FA8240B95}.Debug|Any CPU.ActiveCfg = Debug|Any CPU
		{3364BF63-A56C-42BC-8FD6-F15FA8240B95}.Debug|Any CPU.Build.0 = Debug|Any CPU
		{3364BF63-A56C-42BC-8FD6-F15FA8240B95}.Release|Any CPU.ActiveCfg = Release|Any CPU
		{3364BF63-A56C-42BC-8FD6-F15FA8240B95}.Release|Any CPU.Build.0 = Release|Any CPU
		{34DE1F78-0031-41C9-9681-935A3F3539E8}.Debug|Any CPU.ActiveCfg = Debug|Any CPU
		{34DE1F78-0031-41C9-9681-935A3F3539E8}.Debug|Any CPU.Build.0 = Debug|Any CPU
		{34DE1F78-0031-41C9-9681-935A3F3539E8}.Release|Any CPU.ActiveCfg = Release|Any CPU
		{34DE1F78-0031-41C9-9681-935A3F3539E8}.Release|Any CPU.Build.0 = Release|Any CPU
		{9936F2D7-3365-48A7-AA39-120A885A810F}.Debug|Any CPU.ActiveCfg = Debug|Any CPU
		{9936F2D7-3365-48A7-AA39-120A885A810F}.Debug|Any CPU.Build.0 = Debug|Any CPU
		{9936F2D7-3365-48A7-AA39-120A885A810F}.Release|Any CPU.ActiveCfg = Release|Any CPU
		{9936F2D7-3365-48A7-AA39-120A885A810F}.Release|Any CPU.Build.0 = Release|Any CPU
		{CDDC7F12-FE9C-4785-96A5-8EFA053FEDD6}.Debug|Any CPU.ActiveCfg = Debug|Any CPU
		{CDDC7F12-FE9C-4785-96A5-8EFA053FEDD6}.Debug|Any CPU.Build.0 = Debug|Any CPU
		{CDDC7F12-FE9C-4785-96A5-8EFA053FEDD6}.Release|Any CPU.ActiveCfg = Release|Any CPU
		{CDDC7F12-FE9C-4785-96A5-8EFA053FEDD6}.Release|Any CPU.Build.0 = Release|Any CPU
		{D05E16B4-939C-4E45-920F-F8450EAD1134}.Debug|Any CPU.ActiveCfg = Debug|Any CPU
		{D05E16B4-939C-4E45-920F-F8450EAD1134}.Debug|Any CPU.Build.0 = Debug|Any CPU
		{D05E16B4-939C-4E45-920F-F8450EAD1134}.Release|Any CPU.ActiveCfg = Release|Any CPU
		{D05E16B4-939C-4E45-920F-F8450EAD1134}.Release|Any CPU.Build.0 = Release|Any CPU
		{3F8579E2-E3B9-47EE-B603-03A2A0B4E8BC}.Debug|Any CPU.ActiveCfg = Debug|Any CPU
		{3F8579E2-E3B9-47EE-B603-03A2A0B4E8BC}.Debug|Any CPU.Build.0 = Debug|Any CPU
		{3F8579E2-E3B9-47EE-B603-03A2A0B4E8BC}.Release|Any CPU.ActiveCfg = Release|Any CPU
		{3F8579E2-E3B9-47EE-B603-03A2A0B4E8BC}.Release|Any CPU.Build.0 = Release|Any CPU
		{122D051F-E698-4869-AE27-1B026FAB0B5B}.Debug|Any CPU.ActiveCfg = Debug|Any CPU
		{122D051F-E698-4869-AE27-1B026FAB0B5B}.Debug|Any CPU.Build.0 = Debug|Any CPU
		{122D051F-E698-4869-AE27-1B026FAB0B5B}.Release|Any CPU.ActiveCfg = Release|Any CPU
		{122D051F-E698-4869-AE27-1B026FAB0B5B}.Release|Any CPU.Build.0 = Release|Any CPU
		{99F2FD66-B3B2-4C65-BB25-A9157A91E79B}.Debug|Any CPU.ActiveCfg = Debug|Any CPU
		{99F2FD66-B3B2-4C65-BB25-A9157A91E79B}.Debug|Any CPU.Build.0 = Debug|Any CPU
		{99F2FD66-B3B2-4C65-BB25-A9157A91E79B}.Release|Any CPU.ActiveCfg = Release|Any CPU
		{99F2FD66-B3B2-4C65-BB25-A9157A91E79B}.Release|Any CPU.Build.0 = Release|Any CPU
		{BAF2B1BF-6F35-4696-91DE-1A1E54D16670}.Debug|Any CPU.ActiveCfg = Debug|Any CPU
		{BAF2B1BF-6F35-4696-91DE-1A1E54D16670}.Debug|Any CPU.Build.0 = Debug|Any CPU
		{BAF2B1BF-6F35-4696-91DE-1A1E54D16670}.Release|Any CPU.ActiveCfg = Release|Any CPU
		{BAF2B1BF-6F35-4696-91DE-1A1E54D16670}.Release|Any CPU.Build.0 = Release|Any CPU
	EndGlobalSection
	GlobalSection(SolutionProperties) = preSolution
		HideSolutionNode = FALSE
	EndGlobalSection
	GlobalSection(NestedProjects) = preSolution
		{3364BF63-A56C-42BC-8FD6-F15FA8240B95} = {BB57D19E-E1D9-418D-86FB-A7083E2B9DFC}
		{1899A025-285F-465E-8192-20F3532ED825} = {BB57D19E-E1D9-418D-86FB-A7083E2B9DFC}
		{34DE1F78-0031-41C9-9681-935A3F3539E8} = {1899A025-285F-465E-8192-20F3532ED825}
		{9936F2D7-3365-48A7-AA39-120A885A810F} = {1899A025-285F-465E-8192-20F3532ED825}
		{788EE1DB-B24A-49B2-B9B9-8F07DDA82CB0} = {460F9A6E-3C07-4B08-8CEA-E9C050A206F4}
		{CDDC7F12-FE9C-4785-96A5-8EFA053FEDD6} = {788EE1DB-B24A-49B2-B9B9-8F07DDA82CB0}
		{00EE6B60-4E1D-4985-A841-08577BC6F847} = {460F9A6E-3C07-4B08-8CEA-E9C050A206F4}
		{AF82FE4E-C676-4B74-B055-6E00E5488148} = {00EE6B60-4E1D-4985-A841-08577BC6F847}
		{D05E16B4-939C-4E45-920F-F8450EAD1134} = {AF82FE4E-C676-4B74-B055-6E00E5488148}
		{E74D3CA3-6B08-43DC-B9F4-57C3083957F8} = {BB57D19E-E1D9-418D-86FB-A7083E2B9DFC}
		{C22987C4-3EB9-45CC-9C62-33B27EB26AF0} = {E74D3CA3-6B08-43DC-B9F4-57C3083957F8}
		{3F8579E2-E3B9-47EE-B603-03A2A0B4E8BC} = {C22987C4-3EB9-45CC-9C62-33B27EB26AF0}
		{122D051F-E698-4869-AE27-1B026FAB0B5B} = {E74D3CA3-6B08-43DC-B9F4-57C3083957F8}
		{99F2FD66-B3B2-4C65-BB25-A9157A91E79B} = {BB57D19E-E1D9-418D-86FB-A7083E2B9DFC}
		{BAF2B1BF-6F35-4696-91DE-1A1E54D16670} = {E74D3CA3-6B08-43DC-B9F4-57C3083957F8}
	EndGlobalSection
	GlobalSection(ExtensibilityGlobals) = postSolution
		SolutionGuid = {22B05CF7-6BDF-43DF-B350-6D3ACB9C7439}
	EndGlobalSection
EndGlobal
